# This file is automatically @generated by Cargo.
# It is not intended for manual editing.
version = 3

[[package]]
name = "bitflags"
version = "1.3.2"
source = "registry+https://github.com/rust-lang/crates.io-index"
checksum = "bef38d45163c2f1dde094a7dfd33ccf595c92905c8f8f4fdc18d06fb1037718a"

[[package]]
name = "cfg-if"
version = "1.0.0"
source = "registry+https://github.com/rust-lang/crates.io-index"
checksum = "baf1de4339761588bc0619e3cbc0120ee582ebb74b53b4efbf79117bd2da40fd"

[[package]]
name = "ct-codecs"
version = "1.1.1"
source = "registry+https://github.com/rust-lang/crates.io-index"
checksum = "f3b7eb4404b8195a9abb6356f4ac07d8ba267045c8d6d220ac4dc992e6cc75df"

[[package]]
name = "dirs"
version = "4.0.0"
source = "registry+https://github.com/rust-lang/crates.io-index"
checksum = "ca3aa72a6f96ea37bbc5aa912f6788242832f75369bdfdadcb0e38423f100059"
dependencies = [
 "dirs-sys",
]

[[package]]
name = "dirs-sys"
version = "0.3.7"
source = "registry+https://github.com/rust-lang/crates.io-index"
checksum = "1b1d1d91c932ef41c0f2663aa8b0ca0342d444d842c06914aa0a7e352d0bada6"
dependencies = [
 "libc",
 "redox_users",
 "winapi",
]

[[package]]
name = "fiat-crypto"
version = "0.1.19"
source = "registry+https://github.com/rust-lang/crates.io-index"
checksum = "93ace6ec7cc19c8ed33a32eaa9ea692d7faea05006b5356b9e2b668ec4bc3955"

[[package]]
name = "getrandom"
version = "0.2.8"
source = "registry+https://github.com/rust-lang/crates.io-index"
checksum = "c05aeb6a22b8f62540c194aac980f2115af067bfe15a0734d7277a768d396b31"
dependencies = [
 "cfg-if",
 "libc",
 "wasi",
]

[[package]]
name = "libc"
version = "0.2.140"
source = "registry+https://github.com/rust-lang/crates.io-index"
checksum = "99227334921fae1a979cf0bfdfcc6b3e5ce376ef57e16fb6fb3ea2ed6095f80c"

[[package]]
name = "orion"
version = "0.17.4"
source = "registry+https://github.com/rust-lang/crates.io-index"
checksum = "cbe74a766292f94f7e69db5a7bf010eadd944f24186c463fe578a7e637582066"
dependencies = [
 "ct-codecs",
 "fiat-crypto",
 "getrandom",
 "subtle",
 "zeroize",
]

[[package]]
name = "ppv-lite86"
version = "0.2.17"
source = "registry+https://github.com/rust-lang/crates.io-index"
checksum = "5b40af805b3121feab8a3c29f04d8ad262fa8e0561883e7653e024ae4479e6de"

[[package]]
name = "proc-macro2"
version = "1.0.51"
source = "registry+https://github.com/rust-lang/crates.io-index"
checksum = "5d727cae5b39d21da60fa540906919ad737832fe0b1c165da3a34d6548c849d6"
dependencies = [
 "unicode-ident",
]

[[package]]
name = "quote"
version = "1.0.23"
source = "registry+https://github.com/rust-lang/crates.io-index"
checksum = "8856d8364d252a14d474036ea1358d63c9e6965c8e5c1885c18f73d70bff9c7b"
dependencies = [
 "proc-macro2",
]

[[package]]
name = "rand"
version = "0.8.5"
source = "registry+https://github.com/rust-lang/crates.io-index"
checksum = "34af8d1a0e25924bc5b7c43c079c942339d8f0a8b57c39049bef581b46327404"
dependencies = [
 "libc",
 "rand_chacha",
 "rand_core",
]

[[package]]
name = "rand_chacha"
version = "0.3.1"
source = "registry+https://github.com/rust-lang/crates.io-index"
checksum = "e6c10a63a0fa32252be49d21e7709d4d4baf8d231c2dbce1eaa8141b9b127d88"
dependencies = [
 "ppv-lite86",
 "rand_core",
]

[[package]]
name = "rand_core"
version = "0.6.4"
source = "registry+https://github.com/rust-lang/crates.io-index"
checksum = "ec0be4795e2f6a28069bec0b5ff3e2ac9bafc99e6a9a7dc3547996c5c816922c"
dependencies = [
 "getrandom",
]

[[package]]
name = "redox_syscall"
version = "0.2.16"
source = "registry+https://github.com/rust-lang/crates.io-index"
checksum = "fb5a58c1855b4b6819d59012155603f0b22ad30cad752600aadfcb695265519a"
dependencies = [
 "bitflags",
]

[[package]]
name = "redox_users"
version = "0.4.3"
source = "registry+https://github.com/rust-lang/crates.io-index"
checksum = "b033d837a7cf162d7993aded9304e30a83213c648b6e389db233191f891e5c2b"
dependencies = [
 "getrandom",
 "redox_syscall",
 "thiserror",
]

[[package]]
name = "redstoneware"
version = "0.1.0"
dependencies = [
 "dirs",
 "orion",
 "rand",
 "text_io",
 "walkdir",
]

[[package]]
name = "same-file"
version = "1.0.6"
source = "registry+https://github.com/rust-lang/crates.io-index"
checksum = "93fc1dc3aaa9bfed95e02e6eadabb4baf7e3078b0bd1b4d7b6b0b68378900502"
dependencies = [
 "winapi-util",
]

[[package]]
name = "subtle"
version = "2.4.1"
source = "registry+https://github.com/rust-lang/crates.io-index"
checksum = "6bdef32e8150c2a081110b42772ffe7d7c9032b606bc226c8260fd97e0976601"

[[package]]
name = "syn"
version = "1.0.109"
source = "registry+https://github.com/rust-lang/crates.io-index"
checksum = "72b64191b275b66ffe2469e8af2c1cfe3bafa67b529ead792a6d0160888b4237"
dependencies = [
 "proc-macro2",
 "quote",
 "unicode-ident",
]

[[package]]
name = "text_io"
version = "0.1.12"
source = "registry+https://github.com/rust-lang/crates.io-index"
checksum = "d5f0c8eb2ad70c12a6a69508f499b3051c924f4b1cfeae85bfad96e6bc5bba46"

[[package]]
name = "thiserror"
version = "1.0.39"
source = "registry+https://github.com/rust-lang/crates.io-index"
checksum = "a5ab016db510546d856297882807df8da66a16fb8c4101cb8b30054b0d5b2d9c"
dependencies = [
 "thiserror-impl",
]

[[package]]
name = "thiserror-impl"
version = "1.0.39"
source = "registry+https://github.com/rust-lang/crates.io-index"
checksum = "5420d42e90af0c38c3290abcca25b9b3bdf379fc9f55c528f53a269d9c9a267e"
dependencies = [
 "proc-macro2",
 "quote",
 "syn",
]

[[package]]
name = "unicode-ident"
version = "1.0.8"
source = "registry+https://github.com/rust-lang/crates.io-index"
checksum = "e5464a87b239f13a63a501f2701565754bae92d243d4bb7eb12f6d57d2269bf4"

[[package]]
name = "walkdir"
version = "2.3.2"
source = "registry+https://github.com/rust-lang/crates.io-index"
checksum = "808cf2735cd4b6866113f648b791c6adc5714537bc222d9347bb203386ffda56"
dependencies = [
 "same-file",
 "winapi",
 "winapi-util",
]

[[package]]
name = "wasi"
version = "0.11.0+wasi-snapshot-preview1"
source = "registry+https://github.com/rust-lang/crates.io-index"
checksum = "9c8d87e72b64a3b4db28d11ce29237c246188f4f51057d65a7eab63b7987e423"

[[package]]
name = "winapi"
version = "0.3.9"
source = "registry+https://github.com/rust-lang/crates.io-index"
checksum = "5c839a674fcd7a98952e593242ea400abe93992746761e38641405d28b00f419"
dependencies = [
 "winapi-i686-pc-windows-gnu",
 "winapi-x86_64-pc-windows-gnu",
]

[[package]]
name = "winapi-i686-pc-windows-gnu"
version = "0.4.0"
source = "registry+https://github.com/rust-lang/crates.io-index"
checksum = "ac3b87c63620426dd9b991e5ce0329eff545bccbbb34f3be09ff6fb6ab51b7b6"

[[package]]
name = "winapi-util"
version = "0.1.5"
source = "registry+https://github.com/rust-lang/crates.io-index"
checksum = "70ec6ce85bb158151cae5e5c87f95a8e97d2c0c4b001223f33a334e3ce5de178"
dependencies = [
 "winapi",
]

[[package]]
name = "winapi-x86_64-pc-windows-gnu"
version = "0.4.0"
source = "registry+https://github.com/rust-lang/crates.io-index"
checksum = "712e227841d057c1ee1cd2fb22fa7e5a5461ae8e48fa2ca79ec42cfc1931183f"

[[package]]
name = "zeroize"
version = "1.5.7"
source = "registry+https://github.com/rust-lang/crates.io-index"
checksum = "c394b5bd0c6f669e7275d9c20aa90ae064cb22e75a1cad54e1b34088034b149f"
